{
  "originHash" : "f02d1b06da5914ec9757af4da0eaa58ac89d06c25ef4f19477024d63596a814a",
  "pins" : [
    {
      "identity" : "dtln-aec-coreml",
      "kind" : "remoteSourceControl",
      "location" : "https://github.com/MimicScribe/dtln-aec-coreml.git",
      "state" : {
        "revision" : "2f8fae06c12d976f1901630fd0de681783503c31",
        "version" : "0.6.0-beta"
      }
    },
    {
      "identity" : "sparkle",
      "kind" : "remoteSourceControl",
      "location" : "https://github.com/sparkle-project/Sparkle",
      "state" : {
        "revision" : "21d8df80440b1ca3b65fa82e40782f1e5a9e6ba2",
        "version" : "2.9.0"
      }
    }
  ],
  "version" : 3
}
