{
  "originHash" : "60258561d474e86d17fa824f9e81d3ed3bbb397651b1d201ead00a7d7953e8de",
  "pins" : [
    {
      "identity" : "dtln-aec-coreml",
      "kind" : "remoteSourceControl",
      "location" : "https://github.com/MimicScribe/dtln-aec-coreml.git",
      "state" : {
        "revision" : "2f8fae06c12d976f1901630fd0de681783503c31",
        "version" : "0.6.0-beta"
      }
    },
    {
      "identity" : "sparkle",
      "kind" : "remoteSourceControl",
      "location" : "https://github.com/sparkle-project/Sparkle",
      "state" : {
        "revision" : "ac2def288cbff5cfc7df3ffef6abdf45b72bcb0a",
        "version" : "2.9.6"
      }
    }
  ],
  "version" : 3
}
